// !$*UTF8*$!
{
	archiveVersion = 1;
	classes = {
	};
	objectVersion = 50;
	objects = {

/* Begin PBXBuildFile section */
		189015DD25D12B65006BAEDF /* notesApp.swift in Sources */ = {isa = PBXBuildFile; fileRef = 189015DC25D12B65006BAEDF /* notesApp.swift */; };
		189015DF25D12B65006BAEDF /* ContentView.swift in Sources */ = {isa = PBXBuildFile; fileRef = 189015DE25D12B65006BAEDF /* ContentView.swift */; };
		189015E125D12B66006BAEDF /* Assets.xcassets in Resources */ = {isa = PBXBuildFile; fileRef = 189015E025D12B66006BAEDF /* Assets.xcassets */; };
		189015E425D12B66006BAEDF /* Preview Assets.xcassets in Resources */ = {isa = PBXBuildFile; fileRef = 189015E325D12B66006BAEDF /* Preview Assets.xcassets */; };
		189015F425D13E2D006BAEDF /* Color.swift in Sources */ = {isa = PBXBuildFile; fileRef = 189015F325D13E2D006BAEDF /* Color.swift */; };
		189015FB25D19973006BAEDF /* TaskRow.swift in Sources */ = {isa = PBXBuildFile; fileRef = 189015FA25D19973006BAEDF /* TaskRow.swift */; };
		189015FF25D1B847006BAEDF /* CreateNewTask.swift in Sources */ = {isa = PBXBuildFile; fileRef = 189015FE25D1B847006BAEDF /* CreateNewTask.swift */; };
		1890160225D1CB45006BAEDF /* PrioritySelector.swift in Sources */ = {isa = PBXBuildFile; fileRef = 1890160125D1CB45006BAEDF /* PrioritySelector.swift */; };
		1890160625D1D2E8006BAEDF /* TaskList.xcdatamodeld in Sources */ = {isa = PBXBuildFile; fileRef = 1890160425D1D2E8006BAEDF /* TaskList.xcdatamodeld */; };
		1890160925D1D4EA006BAEDF /* Persistence.swift in Sources */ = {isa = PBXBuildFile; fileRef = 1890160825D1D4EA006BAEDF /* Persistence.swift */; };
		1890161425D2A17A006BAEDF /* CreateNewGroup.swift in Sources */ = {isa = PBXBuildFile; fileRef = 1890161325D2A17A006BAEDF /* CreateNewGroup.swift */; };
		1890161725D2A58F006BAEDF /* GroupViews.swift in Sources */ = {isa = PBXBuildFile; fileRef = 1890161625D2A58F006BAEDF /* GroupViews.swift */; };
		1890161E25D30F5F006BAEDF /* TasksView.swift in Sources */ = {isa = PBXBuildFile; fileRef = 1890161D25D30F5F006BAEDF /* TasksView.swift */; };
		1890163025D40274006BAEDF /* Group+CoreDataClass.swift in Sources */ = {isa = PBXBuildFile; fileRef = 1890162E25D40274006BAEDF /* Group+CoreDataClass.swift */; };
		1890163125D40274006BAEDF /* Group+CoreDataProperties.swift in Sources */ = {isa = PBXBuildFile; fileRef = 1890162F25D40274006BAEDF /* Group+CoreDataProperties.swift */; };
		1890163B25D4045A006BAEDF /* Task+CoreDataClass.swift in Sources */ = {isa = PBXBuildFile; fileRef = 1890163925D4045A006BAEDF /* Task+CoreDataClass.swift */; };
		1890163C25D4045A006BAEDF /* Task+CoreDataProperties.swift in Sources */ = {isa = PBXBuildFile; fileRef = 1890163A25D4045A006BAEDF /* Task+CoreDataProperties.swift */; };
		1890164C25D47088006BAEDF /* StatusView.swift in Sources */ = {isa = PBXBuildFile; fileRef = 1890164B25D47088006BAEDF /* StatusView.swift */; };
		1890165525DAE344006BAEDF /* UIColor.swift in Sources */ = {isa = PBXBuildFile; fileRef = 1890165425DAE344006BAEDF /* UIColor.swift */; };
/* End PBXBuildFile section */

/* Begin PBXFileReference section */
		189015D925D12B65006BAEDF /* notes.app */ = {isa = PBXFileReference; explicitFileType = wrapper.application; includeInIndex = 0; path = notes.app; sourceTree = BUILT_PRODUCTS_DIR; };
		189015DC25D12B65006BAEDF /* notesApp.swift */ = {isa = PBXFileReference; lastKnownFileType = sourcecode.swift; path = notesApp.swift; sourceTree = "<group>"; };
		189015DE25D12B65006BAEDF /* ContentView.swift */ = {isa = PBXFileReference; lastKnownFileType = sourcecode.swift; path = ContentView.swift; sourceTree = "<group>"; };
		189015E025D12B66006BAEDF /* Assets.xcassets */ = {isa = PBXFileReference; lastKnownFileType = folder.assetcatalog; path = Assets.xcassets; sourceTree = "<group>"; };
		189015E325D12B66006BAEDF /* Preview Assets.xcassets */ = {isa = PBXFileReference; lastKnownFileType = folder.assetcatalog; path = "Preview Assets.xcassets"; sourceTree = "<group>"; };
		189015E525D12B66006BAEDF /* Info.plist */ = {isa = PBXFileReference; lastKnownFileType = text.plist.xml; path = Info.plist; sourceTree = "<group>"; };
		189015F325D13E2D006BAEDF /* Color.swift */ = {isa = PBXFileReference; lastKnownFileType = sourcecode.swift; path = Color.swift; sourceTree = "<group>"; };
		189015FA25D19973006BAEDF /* TaskRow.swift */ = {isa = PBXFileReference; lastKnownFileType = sourcecode.swift; path = TaskRow.swift; sourceTree = "<group>"; };
		189015FE25D1B847006BAEDF /* CreateNewTask.swift */ = {isa = PBXFileReference; lastKnownFileType = sourcecode.swift; path = CreateNewTask.swift; sourceTree = "<group>"; };
		1890160125D1CB45006BAEDF /* PrioritySelector.swift */ = {isa = PBXFileReference; lastKnownFileType = sourcecode.swift; path = PrioritySelector.swift; sourceTree = "<group>"; };
		1890160525D1D2E8006BAEDF /* TaskList.xcdatamodel */ = {isa = PBXFileReference; lastKnownFileType = wrapper.xcdatamodel; path = TaskList.xcdatamodel; sourceTree = "<group>"; };
		1890160825D1D4EA006BAEDF /* Persistence.swift */ = {isa = PBXFileReference; lastKnownFileType = sourcecode.swift; path = Persistence.swift; sourceTree = "<group>"; };
		1890161325D2A17A006BAEDF /* CreateNewGroup.swift */ = {isa = PBXFileReference; lastKnownFileType = sourcecode.swift; path = CreateNewGroup.swift; sourceTree = "<group>"; };
		1890161625D2A58F006BAEDF /* GroupViews.swift */ = {isa = PBXFileReference; lastKnownFileType = sourcecode.swift; path = GroupViews.swift; sourceTree = "<group>"; };
		1890161D25D30F5F006BAEDF /* TasksView.swift */ = {isa = PBXFileReference; lastKnownFileType = sourcecode.swift; path = TasksView.swift; sourceTree = "<group>"; };
		1890162E25D40274006BAEDF /* Group+CoreDataClass.swift */ = {isa = PBXFileReference; lastKnownFileType = sourcecode.swift; path = "Group+CoreDataClass.swift"; sourceTree = "<group>"; };
		1890162F25D40274006BAEDF /* Group+CoreDataProperties.swift */ = {isa = PBXFileReference; lastKnownFileType = sourcecode.swift; path = "Group+CoreDataProperties.swift"; sourceTree = "<group>"; };
		1890163925D4045A006BAEDF /* Task+CoreDataClass.swift */ = {isa = PBXFileReference; lastKnownFileType = sourcecode.swift; path = "Task+CoreDataClass.swift"; sourceTree = "<group>"; };
		1890163A25D4045A006BAEDF /* Task+CoreDataProperties.swift */ = {isa = PBXFileReference; lastKnownFileType = sourcecode.swift; path = "Task+CoreDataProperties.swift"; sourceTree = "<group>"; };
		1890164B25D47088006BAEDF /* StatusView.swift */ = {isa = PBXFileReference; lastKnownFileType = sourcecode.swift; path = StatusView.swift; sourceTree = "<group>"; };
		1890165425DAE344006BAEDF /* UIColor.swift */ = {isa = PBXFileReference; lastKnownFileType = sourcecode.swift; path = UIColor.swift; sourceTree = "<group>"; };
/* End PBXFileReference section */

/* Begin PBXFrameworksBuildPhase section */
		189015D625D12B65006BAEDF /* Frameworks */ = {
			isa = PBXFrameworksBuildPhase;
			buildActionMask = 2147483647;
			files = (
			);
			runOnlyForDeploymentPostprocessing = 0;
		};
/* End PBXFrameworksBuildPhase section */

/* Begin PBXGroup section */
		189015D025D12B65006BAEDF = {
			isa = PBXGroup;
			children = (
				189015DB25D12B65006BAEDF /* notes */,
				189015DA25D12B65006BAEDF /* Products */,
			);
			sourceTree = "<group>";
		};
		189015DA25D12B65006BAEDF /* Products */ = {
			isa = PBXGroup;
			children = (
				189015D925D12B65006BAEDF /* notes.app */,
			);
			name = Products;
			sourceTree = "<group>";
		};
		189015DB25D12B65006BAEDF /* notes */ = {
			isa = PBXGroup;
			children = (
				189015F225D13E07006BAEDF /* extensions */,
				189015EF25D1344C006BAEDF /* Model */,
				189015EC25D12B88006BAEDF /* View */,
				189015DC25D12B65006BAEDF /* notesApp.swift */,
				189015E025D12B66006BAEDF /* Assets.xcassets */,
				189015E525D12B66006BAEDF /* Info.plist */,
				189015E225D12B66006BAEDF /* Preview Content */,
				1890160825D1D4EA006BAEDF /* Persistence.swift */,
			);
			path = notes;
			sourceTree = "<group>";
		};
		189015E225D12B66006BAEDF /* Preview Content */ = {
			isa = PBXGroup;
			children = (
				189015E325D12B66006BAEDF /* Preview Assets.xcassets */,
			);
			path = "Preview Content";
			sourceTree = "<group>";
		};
		189015EC25D12B88006BAEDF /* View */ = {
			isa = PBXGroup;
			children = (
				1890164525D432FA006BAEDF /* Group */,
				1890161C25D30F16006BAEDF /* Task */,
				189015DE25D12B65006BAEDF /* ContentView.swift */,
				1890160425D1D2E8006BAEDF /* TaskList.xcdatamodeld */,
			);
			path = View;
			sourceTree = "<group>";
		};
		189015EF25D1344C006BAEDF /* Model */ = {
			isa = PBXGroup;
			children = (
				1890162125D400EC006BAEDF /* Groups */,
				1890162025D400DB006BAEDF /* Tasks */,
			);
			path = Model;
			sourceTree = "<group>";
		};
		189015F225D13E07006BAEDF /* extensions */ = {
			isa = PBXGroup;
			children = (
				189015F325D13E2D006BAEDF /* Color.swift */,
				1890165425DAE344006BAEDF /* UIColor.swift */,
			);
			path = extensions;
			sourceTree = "<group>";
		};
		1890161C25D30F16006BAEDF /* Task */ = {
			isa = PBXGroup;
			children = (
				1890160125D1CB45006BAEDF /* PrioritySelector.swift */,
				189015FA25D19973006BAEDF /* TaskRow.swift */,
				189015FE25D1B847006BAEDF /* CreateNewTask.swift */,
				1890161D25D30F5F006BAEDF /* TasksView.swift */,
				1890164B25D47088006BAEDF /* StatusView.swift */,
			);
			path = Task;
			sourceTree = "<group>";
		};
		1890162025D400DB006BAEDF /* Tasks */ = {
			isa = PBXGroup;
			children = (
				1890163925D4045A006BAEDF /* Task+CoreDataClass.swift */,
				1890163A25D4045A006BAEDF /* Task+CoreDataProperties.swift */,
			);
			path = Tasks;
			sourceTree = "<group>";
		};
		1890162125D400EC006BAEDF /* Groups */ = {
			isa = PBXGroup;
			children = (
				1890162E25D40274006BAEDF /* Group+CoreDataClass.swift */,
				1890162F25D40274006BAEDF /* Group+CoreDataProperties.swift */,
			);
			path = Groups;
			sourceTree = "<group>";
		};
		1890164525D432FA006BAEDF /* Group */ = {
			isa = PBXGroup;
			children = (
				1890161625D2A58F006BAEDF /* GroupViews.swift */,
				1890161325D2A17A006BAEDF /* CreateNewGroup.swift */,
			);
			path = Group;
			sourceTree = "<group>";
		};
/* End PBXGroup section */

/* Begin PBXNativeTarget section */
		189015D825D12B65006BAEDF /* notes */ = {
			isa = PBXNativeTarget;
			buildConfigurationList = 189015E825D12B66006BAEDF /* Build configuration list for PBXNativeTarget "notes" */;
			buildPhases = (
				189015D525D12B65006BAEDF /* Sources */,
				189015D625D12B65006BAEDF /* Frameworks */,
				189015D725D12B65006BAEDF /* Resources */,
			);
			buildRules = (
			);
			dependencies = (
			);
			name = notes;
			productName = notes;
			productReference = 189015D925D12B65006BAEDF /* notes.app */;
			productType = "com.apple.product-type.application";
		};
/* End PBXNativeTarget section */

/* Begin PBXProject section */
		189015D125D12B65006BAEDF /* Project object */ = {
			isa = PBXProject;
			attributes = {
				LastSwiftUpdateCheck = 1240;
				LastUpgradeCheck = 1240;
				TargetAttributes = {
					189015D825D12B65006BAEDF = {
						CreatedOnToolsVersion = 12.4;
					};
				};
			};
			buildConfigurationList = 189015D425D12B65006BAEDF /* Build configuration list for PBXProject "notes" */;
			compatibilityVersion = "Xcode 9.3";
			developmentRegion = en;
			hasScannedForEncodings = 0;
			knownRegions = (
				en,
				Base,
			);
			mainGroup = 189015D025D12B65006BAEDF;
			productRefGroup = 189015DA25D12B65006BAEDF /* Products */;
			projectDirPath = "";
			projectRoot = "";
			targets = (
				189015D825D12B65006BAEDF /* notes */,
			);
		};
/* End PBXProject section */

/* Begin PBXResourcesBuildPhase section */
		189015D725D12B65006BAEDF /* Resources */ = {
			isa = PBXResourcesBuildPhase;
			buildActionMask = 2147483647;
			files = (
				189015E425D12B66006BAEDF /* Preview Assets.xcassets in Resources */,
				189015E125D12B66006BAEDF /* Assets.xcassets in Resources */,
			);
			runOnlyForDeploymentPostprocessing = 0;
		};
/* End PBXResourcesBuildPhase section */

/* Begin PBXSourcesBuildPhase section */
		189015D525D12B65006BAEDF /* Sources */ = {
			isa = PBXSourcesBuildPhase;
			buildActionMask = 2147483647;
			files = (
				1890161725D2A58F006BAEDF /* GroupViews.swift in Sources */,
				1890160925D1D4EA006BAEDF /* Persistence.swift in Sources */,
				1890163B25D4045A006BAEDF /* Task+CoreDataClass.swift in Sources */,
				189015FB25D19973006BAEDF /* TaskRow.swift in Sources */,
				189015FF25D1B847006BAEDF /* CreateNewTask.swift in Sources */,
				189015DF25D12B65006BAEDF /* ContentView.swift in Sources */,
				1890165525DAE344006BAEDF /* UIColor.swift in Sources */,
				1890161425D2A17A006BAEDF /* CreateNewGroup.swift in Sources */,
				1890161E25D30F5F006BAEDF /* TasksView.swift in Sources */,
				1890160625D1D2E8006BAEDF /* TaskList.xcdatamodeld in Sources */,
				189015DD25D12B65006BAEDF /* notesApp.swift in Sources */,
				1890164C25D47088006BAEDF /* StatusView.swift in Sources */,
				189015F425D13E2D006BAEDF /* Color.swift in Sources */,
				1890160225D1CB45006BAEDF /* PrioritySelector.swift in Sources */,
				1890163025D40274006BAEDF /* Group+CoreDataClass.swift in Sources */,
				1890163C25D4045A006BAEDF /* Task+CoreDataProperties.swift in Sources */,
				1890163125D40274006BAEDF /* Group+CoreDataProperties.swift in Sources */,
			);
			runOnlyForDeploymentPostprocessing = 0;
		};
/* End PBXSourcesBuildPhase section */

/* Begin XCBuildConfiguration section */
		189015E625D12B66006BAEDF /* Debug */ = {
			isa = XCBuildConfiguration;
			buildSettings = {
				ALWAYS_SEARCH_USER_PATHS = NO;
				CLANG_ANALYZER_NONNULL = YES;
				CLANG_ANALYZER_NUMBER_OBJECT_CONVERSION = YES_AGGRESSIVE;
				CLANG_CXX_LANGUAGE_STANDARD = "gnu++14";
				CLANG_CXX_LIBRARY = "libc++";
				CLANG_ENABLE_MODULES = YES;
				CLANG_ENABLE_OBJC_ARC = YES;
				CLANG_ENABLE_OBJC_WEAK = YES;
				CLANG_WARN_BLOCK_CAPTURE_AUTORELEASING = YES;
				CLANG_WARN_BOOL_CONVERSION = YES;
				CLANG_WARN_COMMA = YES;
				CLANG_WARN_CONSTANT_CONVERSION = YES;
				CLANG_WARN_DEPRECATED_OBJC_IMPLEMENTATIONS = YES;
				CLANG_WARN_DIRECT_OBJC_ISA_USAGE = YES_ERROR;
				CLANG_WARN_DOCUMENTATION_COMMENTS = YES;
				CLANG_WARN_EMPTY_BODY = YES;
				CLANG_WARN_ENUM_CONVERSION = YES;
				CLANG_WARN_INFINITE_RECURSION = YES;
				CLANG_WARN_INT_CONVERSION = YES;
				CLANG_WARN_NON_LITERAL_NULL_CONVERSION = YES;
				CLANG_WARN_OBJC_IMPLICIT_RETAIN_SELF = YES;
				CLANG_WARN_OBJC_LITERAL_CONVERSION = YES;
				CLANG_WARN_OBJC_ROOT_CLASS = YES_ERROR;
				CLANG_WARN_QUOTED_INCLUDE_IN_FRAMEWORK_HEADER = YES;
				CLANG_WARN_RANGE_LOOP_ANALYSIS = YES;
				CLANG_WARN_STRICT_PROTOTYPES = YES;
				CLANG_WARN_SUSPICIOUS_MOVE = YES;
				CLANG_WARN_UNGUARDED_AVAILABILITY = YES_AGGRESSIVE;
				CLANG_WARN_UNREACHABLE_CODE = YES;
				CLANG_WARN__DUPLICATE_METHOD_MATCH = YES;
				COPY_PHASE_STRIP = NO;
				DEBUG_INFORMATION_FORMAT = dwarf;
				ENABLE_STRICT_OBJC_MSGSEND = YES;
				ENABLE_TESTABILITY = YES;
				GCC_C_LANGUAGE_STANDARD = gnu11;
				GCC_DYNAMIC_NO_PIC = NO;
				GCC_NO_COMMON_BLOCKS = YES;
				GCC_OPTIMIZATION_LEVEL = 0;
				GCC_PREPROCESSOR_DEFINITIONS = (
					"DEBUG=1",
					"$(inherited)",
				);
				GCC_WARN_64_TO_32_BIT_CONVERSION = YES;
				GCC_WARN_ABOUT_RETURN_TYPE = YES_ERROR;
				GCC_WARN_UNDECLARED_SELECTOR = YES;
				GCC_WARN_UNINITIALIZED_AUTOS = YES_AGGRESSIVE;
				GCC_WARN_UNUSED_FUNCTION = YES;
				GCC_WARN_UNUSED_VARIABLE = YES;
				IPHONEOS_DEPLOYMENT_TARGET = 14.4;
				MTL_ENABLE_DEBUG_INFO = INCLUDE_SOURCE;
				MTL_FAST_MATH = YES;
				ONLY_ACTIVE_ARCH = YES;
				SDKROOT = iphoneos;
				SWIFT_ACTIVE_COMPILATION_CONDITIONS = DEBUG;
				SWIFT_OPTIMIZATION_LEVEL = "-Onone";
			};
			name = Debug;
		};
		189015E725D12B66006BAEDF /* Release */ = {
			isa = XCBuildConfiguration;
			buildSettings = {
				ALWAYS_SEARCH_USER_PATHS = NO;
				CLANG_ANALYZER_NONNULL = YES;
				CLANG_ANALYZER_NUMBER_OBJECT_CONVERSION = YES_AGGRESSIVE;
				CLANG_CXX_LANGUAGE_STANDARD = "gnu++14";
				CLANG_CXX_LIBRARY = "libc++";
				CLANG_ENABLE_MODULES = YES;
				CLANG_ENABLE_OBJC_ARC = YES;
				CLANG_ENABLE_OBJC_WEAK = YES;
				CLANG_WARN_BLOCK_CAPTURE_AUTORELEASING = YES;
				CLANG_WARN_BOOL_CONVERSION = YES;
				CLANG_WARN_COMMA = YES;
				CLANG_WARN_CONSTANT_CONVERSION = YES;
				CLANG_WARN_DEPRECATED_OBJC_IMPLEMENTATIONS = YES;
				CLANG_WARN_DIRECT_OBJC_ISA_USAGE = YES_ERROR;
				CLANG_WARN_DOCUMENTATION_COMMENTS = YES;
				CLANG_WARN_EMPTY_BODY = YES;
				CLANG_WARN_ENUM_CONVERSION = YES;
				CLANG_WARN_INFINITE_RECURSION = YES;
				CLANG_WARN_INT_CONVERSION = YES;
				CLANG_WARN_NON_LITERAL_NULL_CONVERSION = YES;
				CLANG_WARN_OBJC_IMPLICIT_RETAIN_SELF = YES;
				CLANG_WARN_OBJC_LITERAL_CONVERSION = YES;
				CLANG_WARN_OBJC_ROOT_CLASS = YES_ERROR;
				CLANG_WARN_QUOTED_INCLUDE_IN_FRAMEWORK_HEADER = YES;
				CLANG_WARN_RANGE_LOOP_ANALYSIS = YES;
				CLANG_WARN_STRICT_PROTOTYPES = YES;
				CLANG_WARN_SUSPICIOUS_MOVE = YES;
				CLANG_WARN_UNGUARDED_AVAILABILITY = YES_AGGRESSIVE;
				CLANG_WARN_UNREACHABLE_CODE = YES;
				CLANG_WARN__DUPLICATE_METHOD_MATCH = YES;
				COPY_PHASE_STRIP = NO;
				DEBUG_INFORMATION_FORMAT = "dwarf-with-dsym";
				ENABLE_NS_ASSERTIONS = NO;
				ENABLE_STRICT_OBJC_MSGSEND = YES;
				GCC_C_LANGUAGE_STANDARD = gnu11;
				GCC_NO_COMMON_BLOCKS = YES;
				GCC_WARN_64_TO_32_BIT_CONVERSION = YES;
				GCC_WARN_ABOUT_RETURN_TYPE = YES_ERROR;
				GCC_WARN_UNDECLARED_SELECTOR = YES;
				GCC_WARN_UNINITIALIZED_AUTOS = YES_AGGRESSIVE;
				GCC_WARN_UNUSED_FUNCTION = YES;
				GCC_WARN_UNUSED_VARIABLE = YES;
				IPHONEOS_DEPLOYMENT_TARGET = 14.4;
				MTL_ENABLE_DEBUG_INFO = NO;
				MTL_FAST_MATH = YES;
				SDKROOT = iphoneos;
				SWIFT_COMPILATION_MODE = wholemodule;
				SWIFT_OPTIMIZATION_LEVEL = "-O";
				VALIDATE_PRODUCT = YES;
			};
			name = Release;
		};
		189015E925D12B66006BAEDF /* Debug */ = {
			isa = XCBuildConfiguration;
			buildSettings = {
				ASSETCATALOG_COMPILER_APPICON_NAME = AppIcon;
				ASSETCATALOG_COMPILER_GLOBAL_ACCENT_COLOR_NAME = AccentColor;
				CODE_SIGN_STYLE = Automatic;
				DEVELOPMENT_ASSET_PATHS = "\"notes/Preview Content\"";
				DEVELOPMENT_TEAM = 59967Z5M82;
				ENABLE_PREVIEWS = YES;
				INFOPLIST_FILE = notes/Info.plist;
				IPHONEOS_DEPLOYMENT_TARGET = 14.0;
				LD_RUNPATH_SEARCH_PATHS = (
					"$(inherited)",
					"@executable_path/Frameworks",
				);
				PRODUCT_BUNDLE_IDENTIFIER = com.elixer.notes;
				PRODUCT_NAME = "$(TARGET_NAME)";
				SWIFT_VERSION = 5.0;
				TARGETED_DEVICE_FAMILY = "1,2";
			};
			name = Debug;
		};
		189015EA25D12B66006BAEDF /* Release */ = {
			isa = XCBuildConfiguration;
			buildSettings = {
				ASSETCATALOG_COMPILER_APPICON_NAME = AppIcon;
				ASSETCATALOG_COMPILER_GLOBAL_ACCENT_COLOR_NAME = AccentColor;
				CODE_SIGN_STYLE = Automatic;
				DEVELOPMENT_ASSET_PATHS = "\"notes/Preview Content\"";
				DEVELOPMENT_TEAM = 59967Z5M82;
				ENABLE_PREVIEWS = YES;
				INFOPLIST_FILE = notes/Info.plist;
				IPHONEOS_DEPLOYMENT_TARGET = 14.0;
				LD_RUNPATH_SEARCH_PATHS = (
					"$(inherited)",
					"@executable_path/Frameworks",
				);
				PRODUCT_BUNDLE_IDENTIFIER = com.elixer.notes;
				PRODUCT_NAME = "$(TARGET_NAME)";
				SWIFT_VERSION = 5.0;
				TARGETED_DEVICE_FAMILY = "1,2";
			};
			name = Release;
		};
/* End XCBuildConfiguration section */

/* Begin XCConfigurationList section */
		189015D425D12B65006BAEDF /* Build configuration list for PBXProject "notes" */ = {
			isa = XCConfigurationList;
			buildConfigurations = (
				189015E625D12B66006BAEDF /* Debug */,
				189015E725D12B66006BAEDF /* Release */,
			);
			defaultConfigurationIsVisible = 0;
			defaultConfigurationName = Release;
		};
		189015E825D12B66006BAEDF /* Build configuration list for PBXNativeTarget "notes" */ = {
			isa = XCConfigurationList;
			buildConfigurations = (
				189015E925D12B66006BAEDF /* Debug */,
				189015EA25D12B66006BAEDF /* Release */,
			);
			defaultConfigurationIsVisible = 0;
			defaultConfigurationName = Release;
		};
/* End XCConfigurationList section */

/* Begin XCVersionGroup section */
		1890160425D1D2E8006BAEDF /* TaskList.xcdatamodeld */ = {
			isa = XCVersionGroup;
			children = (
				1890160525D1D2E8006BAEDF /* TaskList.xcdatamodel */,
			);
			currentVersion = 1890160525D1D2E8006BAEDF /* TaskList.xcdatamodel */;
			path = TaskList.xcdatamodeld;
			sourceTree = "<group>";
			versionGroupType = wrapper.xcdatamodel;
		};
/* End XCVersionGroup section */
	};
	rootObject = 189015D125D12B65006BAEDF /* Project object */;
}
